
Microsoft Visual Studio Solution File, Format Version 12.00
# Visual Studio Version 17
VisualStudioVersion = 17.0.31912.275
MinimumVisualStudioVersion = 10.0.40219.1
Project("{FAE04EC0-301F-11D3-BF4B-00C04F79EFBC}") = "CrudWebE", "CrudWebE\CrudWebE.csproj", "{251933A3-2D4E-4D5A-9236-10D67AD59F05}"
EndProject
Global
	GlobalSection(SolutionConfigurationPlatforms) = preSolution
		Debug|Any CPU = Debug|Any CPU
		Release|Any CPU = Release|Any CPU
	EndGlobalSection
	GlobalSection(ProjectConfigurationPlatforms) = postSolution
		{251933A3-2D4E-4D5A-9236-10D67AD59F05}.Debug|Any CPU.ActiveCfg = Debug|Any CPU
		{251933A3-2D4E-4D5A-9236-10D67AD59F05}.Debug|Any CPU.Build.0 = Debug|Any CPU
		{251933A3-2D4E-4D5A-9236-10D67AD59F05}.Release|Any CPU.ActiveCfg = Release|Any CPU
		{251933A3-2D4E-4D5A-9236-10D67AD59F05}.Release|Any CPU.Build.0 = Release|Any CPU
	EndGlobalSection
	GlobalSection(SolutionProperties) = preSolution
		HideSolutionNode = FALSE
	EndGlobalSection
	GlobalSection(ExtensibilityGlobals) = postSolution
		SolutionGuid = {87596CCE-58AF-40D8-90D2-E02F6859728D}
	EndGlobalSection
EndGlobal
